{
  "name": "lighttable-plugin-javascript",
  "version": "0.2.0",
  "lockfileVersion": 3,
  "requires": true,
  "packages": {
    "": {
      "name": "lighttable-plugin-javascript",
      "version": "0.2.0",
      "dependencies": {
        "acorn": "^8.18.0",
        "harbor": "^0.3.0"
      }
    },
    "node_modules/acorn": {
      "version": "8.18.0",
      "resolved": "https://registry.npmjs.org/acorn/-/acorn-8.18.0.tgz",
      "integrity": "sha512-lGq+9yr1/GuAWaVYIHRjvvySG5/4VfKIvC8EWxStPdcDh/Ka7FG3twP6v4d5BkravUilhIAsG4Qj83t02LWUPQ==",
      "license": "MIT",
      "bin": {
        "acorn": "bin/acorn"
      },
      "engines": {
        "node": ">=0.4.0"
      }
    },
    "node_modules/harbor": {
      "version": "0.3.0",
      "resolved": "https://registry.npmjs.org/harbor/-/harbor-0.3.0.tgz",
      "integrity": "sha512-uhCb0qkqYPP8v6mg6nIxm9/fzcPJpQ6vL2ln7BFiSBMBtOjsey7kcYB/czPtW4h1O48sgwVKKRqO2oOCHvvC9g==",
      "license": "MIT"
    }
  }
}
